
Microsoft Visual Studio Solution File, Format Version 12.00
# Visual Studio 15
VisualStudioVersion = 15.0.28307.645
MinimumVisualStudioVersion = 10.0.40219.1
Project("{FAE04EC0-301F-11D3-BF4B-00C04F79EFBC}") = "TrieIt", "TrieIt\TrieIt.csproj", "{92C92B4F-BE18-4134-B500-0FC0B19D3272}"
EndProject
Global
	GlobalSection(SolutionConfigurationPlatforms) = preSolution
		Debug|Any CPU = Debug|Any CPU
		Release|Any CPU = Release|Any CPU
	EndGlobalSection
	GlobalSection(ProjectConfigurationPlatforms) = postSolution
		{92C92B4F-BE18-4134-B500-0FC0B19D3272}.Debug|Any CPU.ActiveCfg = Debug|Any CPU
		{92C92B4F-BE18-4134-B500-0FC0B19D3272}.Debug|Any CPU.Build.0 = Debug|Any CPU
		{92C92B4F-BE18-4134-B500-0FC0B19D3272}.Release|Any CPU.ActiveCfg = Release|Any CPU
		{92C92B4F-BE18-4134-B500-0FC0B19D3272}.Release|Any CPU.Build.0 = Release|Any CPU
	EndGlobalSection
	GlobalSection(SolutionProperties) = preSolution
		HideSolutionNode = FALSE
	EndGlobalSection
	GlobalSection(ExtensibilityGlobals) = postSolution
		SolutionGuid = {31C2AB15-023C-4A30-8C53-2EDF02C24D0B}
	EndGlobalSection
EndGlobal
